{
  "name": "campus-miniprogram",
  "version": "1.0.0",
  "lockfileVersion": 3,
  "requires": true,
  "packages": {
    "": {
      "name": "campus-miniprogram",
      "version": "1.0.0",
      "dependencies": {
        "tdesign-miniprogram": "^1.16.1"
      }
    },
    "node_modules/tdesign-miniprogram": {
      "version": "1.16.1",
      "resolved": "https://registry.npmjs.org/tdesign-miniprogram/-/tdesign-miniprogram-1.16.1.tgz",
      "integrity": "sha512-exdLrz9qAYXuGSFWugtiiXMbE+sdMzDwZC1yrDnsUepJLoMFp2SFMPr7l1eFihraAneDRV4qntiarnD5owNhNg==",
      "license": "MIT"
    }
  }
}
